
Microsoft Visual Studio Solution File, Format Version 12.00
# Visual Studio 16
Project("{FAE04EC0-301F-11D3-BF4B-00C04F79EFBC}") = "Assembly-CSharp", "Assembly-CSharp.csproj", "{2CF2F1BD-2E25-D51C-ED63-58F4E7111AD4}"
EndProject
Project("{FAE04EC0-301F-11D3-BF4B-00C04F79EFBC}") = "Assembly-CSharp-Editor", "Assembly-CSharp-Editor.csproj", "{3B3B78A8-6A6E-B50E-CB0E-EC3B8023CDEF}"
EndProject
Global
	GlobalSection(SolutionConfigurationPlatforms) = preSolution
		Debug|Any CPU = Debug|Any CPU
		Release|Any CPU = Release|Any CPU
	EndGlobalSection
	GlobalSection(ProjectConfigurationPlatforms) = postSolution
		{2CF2F1BD-2E25-D51C-ED63-58F4E7111AD4}.Debug|Any CPU.ActiveCfg = Debug|Any CPU
		{2CF2F1BD-2E25-D51C-ED63-58F4E7111AD4}.Debug|Any CPU.Build.0 = Debug|Any CPU
		{2CF2F1BD-2E25-D51C-ED63-58F4E7111AD4}.Release|Any CPU.ActiveCfg = Release|Any CPU
		{2CF2F1BD-2E25-D51C-ED63-58F4E7111AD4}.Release|Any CPU.Build.0 = Release|Any CPU
		{3B3B78A8-6A6E-B50E-CB0E-EC3B8023CDEF}.Debug|Any CPU.ActiveCfg = Debug|Any CPU
		{3B3B78A8-6A6E-B50E-CB0E-EC3B8023CDEF}.Debug|Any CPU.Build.0 = Debug|Any CPU
		{3B3B78A8-6A6E-B50E-CB0E-EC3B8023CDEF}.Release|Any CPU.ActiveCfg = Release|Any CPU
		{3B3B78A8-6A6E-B50E-CB0E-EC3B8023CDEF}.Release|Any CPU.Build.0 = Release|Any CPU
	EndGlobalSection
	GlobalSection(SolutionProperties) = preSolution
		HideSolutionNode = FALSE
	EndGlobalSection
EndGlobal
